PODS:
  - Flutter (1.17.0)

DEPENDENCIES:
  - Flutter (from `../duy_flutter_module/build/ios/framework/Debug/Flutter.podspec`)

EXTERNAL SOURCES:
  Flutter:
    :podspec: "../duy_flutter_module/build/ios/framework/Debug/Flutter.podspec"

SPEC CHECKSUMS:
  Flutter: 0c32471ed183869f11c66af950af994e32ff9afd

PODFILE CHECKSUM: d21c6d232a5e9492452a6a4f03985a1ea20c4c85

COCOAPODS: 1.9.1
